
Microsoft Visual Studio Solution File, Format Version 12.00
# Visual Studio Version 16
VisualStudioVersion = 16.0.36324.18
MinimumVisualStudioVersion = 10.0.40219.1
Project("{FAE04EC0-301F-11D3-BF4B-00C04F79EFBC}") = "bb-2", "bb-2.csproj", "{FB05518A-FF15-48B0-9D84-10227ED88B10}"
EndProject
Global
	GlobalSection(SolutionConfigurationPlatforms) = preSolution
		Debug|Any CPU = Debug|Any CPU
		Release|Any CPU = Release|Any CPU
	EndGlobalSection
	GlobalSection(ProjectConfigurationPlatforms) = postSolution
		{FB05518A-FF15-48B0-9D84-10227ED88B10}.Debug|Any CPU.ActiveCfg = Debug|Any CPU
		{FB05518A-FF15-48B0-9D84-10227ED88B10}.Debug|Any CPU.Build.0 = Debug|Any CPU
		{FB05518A-FF15-48B0-9D84-10227ED88B10}.Debug|Any CPU.Deploy.0 = Debug|Any CPU
		{FB05518A-FF15-48B0-9D84-10227ED88B10}.Release|Any CPU.ActiveCfg = Release|Any CPU
		{FB05518A-FF15-48B0-9D84-10227ED88B10}.Release|Any CPU.Build.0 = Release|Any CPU
		{FB05518A-FF15-48B0-9D84-10227ED88B10}.Release|Any CPU.Deploy.0 = Release|Any CPU
	EndGlobalSection
	GlobalSection(SolutionProperties) = preSolution
		HideSolutionNode = FALSE
	EndGlobalSection
	GlobalSection(ExtensibilityGlobals) = postSolution
		SolutionGuid = {616FFCE1-78EB-47DE-917A-2DF00F30FBA3}
	EndGlobalSection
EndGlobal
